
Microsoft Visual Studio Solution File, Format Version 12.00
# Visual Studio Version 16
VisualStudioVersion = 16.0.29230.47
MinimumVisualStudioVersion = 10.0.40219.1
Project("{FAE04EC0-301F-11D3-BF4B-00C04F79EFBC}") = "Bài_3.Android", "Bài_3\Bài_3.Android\Bài_3.Android.csproj", "{EFBAA317-C7DF-4AFA-8371-1317D40D001D}"
EndProject
Project("{FAE04EC0-301F-11D3-BF4B-00C04F79EFBC}") = "Bài_3", "Bài_3\Bài_3\Bài_3.csproj", "{5F60CC1A-FDD9-4F55-A08F-326FA9A2FD5F}"
EndProject
Global
	GlobalSection(SolutionConfigurationPlatforms) = preSolution
		Debug|Any CPU = Debug|Any CPU
		Release|Any CPU = Release|Any CPU
	EndGlobalSection
	GlobalSection(ProjectConfigurationPlatforms) = postSolution
		{EFBAA317-C7DF-4AFA-8371-1317D40D001D}.Debug|Any CPU.ActiveCfg = Debug|Any CPU
		{EFBAA317-C7DF-4AFA-8371-1317D40D001D}.Debug|Any CPU.Build.0 = Debug|Any CPU
		{EFBAA317-C7DF-4AFA-8371-1317D40D001D}.Debug|Any CPU.Deploy.0 = Debug|Any CPU
		{EFBAA317-C7DF-4AFA-8371-1317D40D001D}.Release|Any CPU.ActiveCfg = Release|Any CPU
		{EFBAA317-C7DF-4AFA-8371-1317D40D001D}.Release|Any CPU.Build.0 = Release|Any CPU
		{EFBAA317-C7DF-4AFA-8371-1317D40D001D}.Release|Any CPU.Deploy.0 = Release|Any CPU
		{5F60CC1A-FDD9-4F55-A08F-326FA9A2FD5F}.Debug|Any CPU.ActiveCfg = Debug|Any CPU
		{5F60CC1A-FDD9-4F55-A08F-326FA9A2FD5F}.Debug|Any CPU.Build.0 = Debug|Any CPU
		{5F60CC1A-FDD9-4F55-A08F-326FA9A2FD5F}.Debug|Any CPU.Deploy.0 = Debug|Any CPU
		{5F60CC1A-FDD9-4F55-A08F-326FA9A2FD5F}.Release|Any CPU.ActiveCfg = Release|Any CPU
		{5F60CC1A-FDD9-4F55-A08F-326FA9A2FD5F}.Release|Any CPU.Build.0 = Release|Any CPU
		{5F60CC1A-FDD9-4F55-A08F-326FA9A2FD5F}.Release|Any CPU.Deploy.0 = Release|Any CPU
	EndGlobalSection
	GlobalSection(SolutionProperties) = preSolution
		HideSolutionNode = FALSE
	EndGlobalSection
	GlobalSection(ExtensibilityGlobals) = postSolution
		SolutionGuid = {43A7F90D-116F-4E4D-98BC-F14BE3E9E954}
	EndGlobalSection
EndGlobal
