
Microsoft Visual Studio Solution File, Format Version 12.00
# Visual Studio Version 16
VisualStudioVersion = 16.0.29424.173
MinimumVisualStudioVersion = 10.0.40219.1
Project("{FAE04EC0-301F-11D3-BF4B-00C04F79EFBC}") = "BT_chap5.Android", "BT_chap5\BT_chap5.Android\BT_chap5.Android.csproj", "{03788D8C-0AC5-42AE-9A85-5481A785C747}"
EndProject
Project("{FAE04EC0-301F-11D3-BF4B-00C04F79EFBC}") = "BT_chap5", "BT_chap5\BT_chap5\BT_chap5.csproj", "{A03A7B3B-D478-48F4-A2C1-5697BA19DCAE}"
EndProject
Global
	GlobalSection(SolutionConfigurationPlatforms) = preSolution
		Debug|Any CPU = Debug|Any CPU
		Release|Any CPU = Release|Any CPU
	EndGlobalSection
	GlobalSection(ProjectConfigurationPlatforms) = postSolution
		{03788D8C-0AC5-42AE-9A85-5481A785C747}.Debug|Any CPU.ActiveCfg = Debug|Any CPU
		{03788D8C-0AC5-42AE-9A85-5481A785C747}.Debug|Any CPU.Build.0 = Debug|Any CPU
		{03788D8C-0AC5-42AE-9A85-5481A785C747}.Debug|Any CPU.Deploy.0 = Debug|Any CPU
		{03788D8C-0AC5-42AE-9A85-5481A785C747}.Release|Any CPU.ActiveCfg = Release|Any CPU
		{03788D8C-0AC5-42AE-9A85-5481A785C747}.Release|Any CPU.Build.0 = Release|Any CPU
		{03788D8C-0AC5-42AE-9A85-5481A785C747}.Release|Any CPU.Deploy.0 = Release|Any CPU
		{A03A7B3B-D478-48F4-A2C1-5697BA19DCAE}.Debug|Any CPU.ActiveCfg = Debug|Any CPU
		{A03A7B3B-D478-48F4-A2C1-5697BA19DCAE}.Debug|Any CPU.Build.0 = Debug|Any CPU
		{A03A7B3B-D478-48F4-A2C1-5697BA19DCAE}.Debug|Any CPU.Deploy.0 = Debug|Any CPU
		{A03A7B3B-D478-48F4-A2C1-5697BA19DCAE}.Release|Any CPU.ActiveCfg = Release|Any CPU
		{A03A7B3B-D478-48F4-A2C1-5697BA19DCAE}.Release|Any CPU.Build.0 = Release|Any CPU
		{A03A7B3B-D478-48F4-A2C1-5697BA19DCAE}.Release|Any CPU.Deploy.0 = Release|Any CPU
	EndGlobalSection
	GlobalSection(SolutionProperties) = preSolution
		HideSolutionNode = FALSE
	EndGlobalSection
	GlobalSection(ExtensibilityGlobals) = postSolution
		SolutionGuid = {7EC3829C-AD26-4524-B863-B70BFDCC02BA}
	EndGlobalSection
EndGlobal
