
Microsoft Visual Studio Solution File, Format Version 12.00
# Visual Studio Version 16
VisualStudioVersion = 16.0.29230.47
MinimumVisualStudioVersion = 10.0.40219.1
Project("{FAE04EC0-301F-11D3-BF4B-00C04F79EFBC}") = "demo1.Android", "demo1\demo1.Android\demo1.Android.csproj", "{FB15CA21-EB75-4BB2-8B52-F24B7733B499}"
EndProject
Project("{FAE04EC0-301F-11D3-BF4B-00C04F79EFBC}") = "demo1", "demo1\demo1\demo1.csproj", "{B61F3035-E73A-4118-BC0E-5FFD6DD6AE61}"
EndProject
Global
	GlobalSection(SolutionConfigurationPlatforms) = preSolution
		Debug|Any CPU = Debug|Any CPU
		Release|Any CPU = Release|Any CPU
	EndGlobalSection
	GlobalSection(ProjectConfigurationPlatforms) = postSolution
		{FB15CA21-EB75-4BB2-8B52-F24B7733B499}.Debug|Any CPU.ActiveCfg = Debug|Any CPU
		{FB15CA21-EB75-4BB2-8B52-F24B7733B499}.Debug|Any CPU.Build.0 = Debug|Any CPU
		{FB15CA21-EB75-4BB2-8B52-F24B7733B499}.Debug|Any CPU.Deploy.0 = Debug|Any CPU
		{FB15CA21-EB75-4BB2-8B52-F24B7733B499}.Release|Any CPU.ActiveCfg = Release|Any CPU
		{FB15CA21-EB75-4BB2-8B52-F24B7733B499}.Release|Any CPU.Build.0 = Release|Any CPU
		{FB15CA21-EB75-4BB2-8B52-F24B7733B499}.Release|Any CPU.Deploy.0 = Release|Any CPU
		{B61F3035-E73A-4118-BC0E-5FFD6DD6AE61}.Debug|Any CPU.ActiveCfg = Debug|Any CPU
		{B61F3035-E73A-4118-BC0E-5FFD6DD6AE61}.Debug|Any CPU.Build.0 = Debug|Any CPU
		{B61F3035-E73A-4118-BC0E-5FFD6DD6AE61}.Debug|Any CPU.Deploy.0 = Debug|Any CPU
		{B61F3035-E73A-4118-BC0E-5FFD6DD6AE61}.Release|Any CPU.ActiveCfg = Release|Any CPU
		{B61F3035-E73A-4118-BC0E-5FFD6DD6AE61}.Release|Any CPU.Build.0 = Release|Any CPU
		{B61F3035-E73A-4118-BC0E-5FFD6DD6AE61}.Release|Any CPU.Deploy.0 = Release|Any CPU
	EndGlobalSection
	GlobalSection(SolutionProperties) = preSolution
		HideSolutionNode = FALSE
	EndGlobalSection
	GlobalSection(ExtensibilityGlobals) = postSolution
		SolutionGuid = {A5379A90-8089-47E7-98A5-ABD8EFF6FCCE}
	EndGlobalSection
EndGlobal
