
Microsoft Visual Studio Solution File, Format Version 12.00
# Visual Studio Version 16
VisualStudioVersion = 16.0.29230.47
MinimumVisualStudioVersion = 10.0.40219.1
Project("{FAE04EC0-301F-11D3-BF4B-00C04F79EFBC}") = "Bài 2.Android", "Bài 2\Bài 2.Android\Bài 2.Android.csproj", "{8775BABA-415B-4A8F-8B0C-C3E6E1AA50FC}"
EndProject
Project("{FAE04EC0-301F-11D3-BF4B-00C04F79EFBC}") = "Bài 2.iOS", "Bài 2\Bài 2.iOS\Bài 2.iOS.csproj", "{5E6F4AF0-FF0E-4C05-8DC4-74B6AB22F66A}"
EndProject
Project("{FAE04EC0-301F-11D3-BF4B-00C04F79EFBC}") = "Bài 2", "Bài 2\Bài 2\Bài 2.csproj", "{3E9A6C64-7222-4131-B10F-133A936F7C80}"
EndProject
Global
	GlobalSection(SolutionConfigurationPlatforms) = preSolution
		Debug|Any CPU = Debug|Any CPU
		Debug|iPhone = Debug|iPhone
		Debug|iPhoneSimulator = Debug|iPhoneSimulator
		Release|Any CPU = Release|Any CPU
		Release|iPhone = Release|iPhone
		Release|iPhoneSimulator = Release|iPhoneSimulator
	EndGlobalSection
	GlobalSection(ProjectConfigurationPlatforms) = postSolution
		{8775BABA-415B-4A8F-8B0C-C3E6E1AA50FC}.Debug|Any CPU.ActiveCfg = Debug|Any CPU
		{8775BABA-415B-4A8F-8B0C-C3E6E1AA50FC}.Debug|Any CPU.Build.0 = Debug|Any CPU
		{8775BABA-415B-4A8F-8B0C-C3E6E1AA50FC}.Debug|Any CPU.Deploy.0 = Debug|Any CPU
		{8775BABA-415B-4A8F-8B0C-C3E6E1AA50FC}.Debug|iPhone.ActiveCfg = Debug|Any CPU
		{8775BABA-415B-4A8F-8B0C-C3E6E1AA50FC}.Debug|iPhone.Build.0 = Debug|Any CPU
		{8775BABA-415B-4A8F-8B0C-C3E6E1AA50FC}.Debug|iPhone.Deploy.0 = Debug|Any CPU
		{8775BABA-415B-4A8F-8B0C-C3E6E1AA50FC}.Debug|iPhoneSimulator.ActiveCfg = Debug|Any CPU
		{8775BABA-415B-4A8F-8B0C-C3E6E1AA50FC}.Debug|iPhoneSimulator.Build.0 = Debug|Any CPU
		{8775BABA-415B-4A8F-8B0C-C3E6E1AA50FC}.Debug|iPhoneSimulator.Deploy.0 = Debug|Any CPU
		{8775BABA-415B-4A8F-8B0C-C3E6E1AA50FC}.Release|Any CPU.ActiveCfg = Release|Any CPU
		{8775BABA-415B-4A8F-8B0C-C3E6E1AA50FC}.Release|Any CPU.Build.0 = Release|Any CPU
		{8775BABA-415B-4A8F-8B0C-C3E6E1AA50FC}.Release|Any CPU.Deploy.0 = Release|Any CPU
		{8775BABA-415B-4A8F-8B0C-C3E6E1AA50FC}.Release|iPhone.ActiveCfg = Release|Any CPU
		{8775BABA-415B-4A8F-8B0C-C3E6E1AA50FC}.Release|iPhone.Build.0 = Release|Any CPU
		{8775BABA-415B-4A8F-8B0C-C3E6E1AA50FC}.Release|iPhone.Deploy.0 = Release|Any CPU
		{8775BABA-415B-4A8F-8B0C-C3E6E1AA50FC}.Release|iPhoneSimulator.ActiveCfg = Release|Any CPU
		{8775BABA-415B-4A8F-8B0C-C3E6E1AA50FC}.Release|iPhoneSimulator.Build.0 = Release|Any CPU
		{8775BABA-415B-4A8F-8B0C-C3E6E1AA50FC}.Release|iPhoneSimulator.Deploy.0 = Release|Any CPU
		{5E6F4AF0-FF0E-4C05-8DC4-74B6AB22F66A}.Debug|Any CPU.ActiveCfg = Debug|iPhoneSimulator
		{5E6F4AF0-FF0E-4C05-8DC4-74B6AB22F66A}.Debug|Any CPU.Build.0 = Debug|iPhoneSimulator
		{5E6F4AF0-FF0E-4C05-8DC4-74B6AB22F66A}.Debug|Any CPU.Deploy.0 = Debug|iPhoneSimulator
		{5E6F4AF0-FF0E-4C05-8DC4-74B6AB22F66A}.Debug|iPhone.ActiveCfg = Debug|iPhone
		{5E6F4AF0-FF0E-4C05-8DC4-74B6AB22F66A}.Debug|iPhone.Build.0 = Debug|iPhone
		{5E6F4AF0-FF0E-4C05-8DC4-74B6AB22F66A}.Debug|iPhone.Deploy.0 = Debug|iPhone
		{5E6F4AF0-FF0E-4C05-8DC4-74B6AB22F66A}.Debug|iPhoneSimulator.ActiveCfg = Debug|iPhoneSimulator
		{5E6F4AF0-FF0E-4C05-8DC4-74B6AB22F66A}.Debug|iPhoneSimulator.Build.0 = Debug|iPhoneSimulator
		{5E6F4AF0-FF0E-4C05-8DC4-74B6AB22F66A}.Debug|iPhoneSimulator.Deploy.0 = Debug|iPhoneSimulator
		{5E6F4AF0-FF0E-4C05-8DC4-74B6AB22F66A}.Release|Any CPU.ActiveCfg = Release|iPhone
		{5E6F4AF0-FF0E-4C05-8DC4-74B6AB22F66A}.Release|Any CPU.Build.0 = Release|iPhone
		{5E6F4AF0-FF0E-4C05-8DC4-74B6AB22F66A}.Release|Any CPU.Deploy.0 = Release|iPhone
		{5E6F4AF0-FF0E-4C05-8DC4-74B6AB22F66A}.Release|iPhone.ActiveCfg = Release|iPhone
		{5E6F4AF0-FF0E-4C05-8DC4-74B6AB22F66A}.Release|iPhone.Build.0 = Release|iPhone
		{5E6F4AF0-FF0E-4C05-8DC4-74B6AB22F66A}.Release|iPhone.Deploy.0 = Release|iPhone
		{5E6F4AF0-FF0E-4C05-8DC4-74B6AB22F66A}.Release|iPhoneSimulator.ActiveCfg = Release|iPhoneSimulator
		{5E6F4AF0-FF0E-4C05-8DC4-74B6AB22F66A}.Release|iPhoneSimulator.Build.0 = Release|iPhoneSimulator
		{5E6F4AF0-FF0E-4C05-8DC4-74B6AB22F66A}.Release|iPhoneSimulator.Deploy.0 = Release|iPhoneSimulator
		{3E9A6C64-7222-4131-B10F-133A936F7C80}.Debug|Any CPU.ActiveCfg = Debug|Any CPU
		{3E9A6C64-7222-4131-B10F-133A936F7C80}.Debug|Any CPU.Build.0 = Debug|Any CPU
		{3E9A6C64-7222-4131-B10F-133A936F7C80}.Debug|Any CPU.Deploy.0 = Debug|Any CPU
		{3E9A6C64-7222-4131-B10F-133A936F7C80}.Debug|iPhone.ActiveCfg = Debug|Any CPU
		{3E9A6C64-7222-4131-B10F-133A936F7C80}.Debug|iPhone.Build.0 = Debug|Any CPU
		{3E9A6C64-7222-4131-B10F-133A936F7C80}.Debug|iPhone.Deploy.0 = Debug|Any CPU
		{3E9A6C64-7222-4131-B10F-133A936F7C80}.Debug|iPhoneSimulator.ActiveCfg = Debug|Any CPU
		{3E9A6C64-7222-4131-B10F-133A936F7C80}.Debug|iPhoneSimulator.Build.0 = Debug|Any CPU
		{3E9A6C64-7222-4131-B10F-133A936F7C80}.Debug|iPhoneSimulator.Deploy.0 = Debug|Any CPU
		{3E9A6C64-7222-4131-B10F-133A936F7C80}.Release|Any CPU.ActiveCfg = Release|Any CPU
		{3E9A6C64-7222-4131-B10F-133A936F7C80}.Release|Any CPU.Build.0 = Release|Any CPU
		{3E9A6C64-7222-4131-B10F-133A936F7C80}.Release|Any CPU.Deploy.0 = Release|Any CPU
		{3E9A6C64-7222-4131-B10F-133A936F7C80}.Release|iPhone.ActiveCfg = Release|Any CPU
		{3E9A6C64-7222-4131-B10F-133A936F7C80}.Release|iPhone.Build.0 = Release|Any CPU
		{3E9A6C64-7222-4131-B10F-133A936F7C80}.Release|iPhone.Deploy.0 = Release|Any CPU
		{3E9A6C64-7222-4131-B10F-133A936F7C80}.Release|iPhoneSimulator.ActiveCfg = Release|Any CPU
		{3E9A6C64-7222-4131-B10F-133A936F7C80}.Release|iPhoneSimulator.Build.0 = Release|Any CPU
		{3E9A6C64-7222-4131-B10F-133A936F7C80}.Release|iPhoneSimulator.Deploy.0 = Release|Any CPU
	EndGlobalSection
	GlobalSection(SolutionProperties) = preSolution
		HideSolutionNode = FALSE
	EndGlobalSection
	GlobalSection(ExtensibilityGlobals) = postSolution
		SolutionGuid = {C5C7EE14-8B4A-4BF4-ACE5-A58BB239B008}
	EndGlobalSection
EndGlobal
